
Microsoft Visual Studio Solution File, Format Version 12.00
# Visual Studio 15
VisualStudioVersion = 15.0.27130.2024
MinimumVisualStudioVersion = 10.0.40219.1
Project("{FAE04EC0-301F-11D3-BF4B-00C04F79EFBC}") = "StewLedger", "StewLedger\StewLedger.csproj", "{F2AC93EA-5844-48DC-8F87-10A6ADB30971}"
EndProject
Project("{FAE04EC0-301F-11D3-BF4B-00C04F79EFBC}") = "Database", "Database\Database.csproj", "{B8FF69F6-71B7-4A9B-950B-6A229F8168E3}"
EndProject
Global
	GlobalSection(SolutionConfigurationPlatforms) = preSolution
		Debug|Any CPU = Debug|Any CPU
		Debug|x64 = Debug|x64
		Debug|x86 = Debug|x86
		Release|Any CPU = Release|Any CPU
		Release|x64 = Release|x64
		Release|x86 = Release|x86
	EndGlobalSection
	GlobalSection(ProjectConfigurationPlatforms) = postSolution
		{F2AC93EA-5844-48DC-8F87-10A6ADB30971}.Debug|Any CPU.ActiveCfg = Debug|Any CPU
		{F2AC93EA-5844-48DC-8F87-10A6ADB30971}.Debug|Any CPU.Build.0 = Debug|Any CPU
		{F2AC93EA-5844-48DC-8F87-10A6ADB30971}.Debug|x64.ActiveCfg = Debug|Any CPU
		{F2AC93EA-5844-48DC-8F87-10A6ADB30971}.Debug|x64.Build.0 = Debug|Any CPU
		{F2AC93EA-5844-48DC-8F87-10A6ADB30971}.Debug|x86.ActiveCfg = Debug|Any CPU
		{F2AC93EA-5844-48DC-8F87-10A6ADB30971}.Debug|x86.Build.0 = Debug|Any CPU
		{F2AC93EA-5844-48DC-8F87-10A6ADB30971}.Release|Any CPU.ActiveCfg = Release|Any CPU
		{F2AC93EA-5844-48DC-8F87-10A6ADB30971}.Release|Any CPU.Build.0 = Release|Any CPU
		{F2AC93EA-5844-48DC-8F87-10A6ADB30971}.Release|x64.ActiveCfg = Release|Any CPU
		{F2AC93EA-5844-48DC-8F87-10A6ADB30971}.Release|x64.Build.0 = Release|Any CPU
		{F2AC93EA-5844-48DC-8F87-10A6ADB30971}.Release|x86.ActiveCfg = Release|Any CPU
		{F2AC93EA-5844-48DC-8F87-10A6ADB30971}.Release|x86.Build.0 = Release|Any CPU
		{B8FF69F6-71B7-4A9B-950B-6A229F8168E3}.Debug|Any CPU.ActiveCfg = Debug|Any CPU
		{B8FF69F6-71B7-4A9B-950B-6A229F8168E3}.Debug|Any CPU.Build.0 = Debug|Any CPU
		{B8FF69F6-71B7-4A9B-950B-6A229F8168E3}.Debug|x64.ActiveCfg = Debug|Any CPU
		{B8FF69F6-71B7-4A9B-950B-6A229F8168E3}.Debug|x64.Build.0 = Debug|Any CPU
		{B8FF69F6-71B7-4A9B-950B-6A229F8168E3}.Debug|x86.ActiveCfg = Debug|Any CPU
		{B8FF69F6-71B7-4A9B-950B-6A229F8168E3}.Debug|x86.Build.0 = Debug|Any CPU
		{B8FF69F6-71B7-4A9B-950B-6A229F8168E3}.Release|Any CPU.ActiveCfg = Release|Any CPU
		{B8FF69F6-71B7-4A9B-950B-6A229F8168E3}.Release|Any CPU.Build.0 = Release|Any CPU
		{B8FF69F6-71B7-4A9B-950B-6A229F8168E3}.Release|x64.ActiveCfg = Release|Any CPU
		{B8FF69F6-71B7-4A9B-950B-6A229F8168E3}.Release|x64.Build.0 = Release|Any CPU
		{B8FF69F6-71B7-4A9B-950B-6A229F8168E3}.Release|x86.ActiveCfg = Release|Any CPU
		{B8FF69F6-71B7-4A9B-950B-6A229F8168E3}.Release|x86.Build.0 = Release|Any CPU
	EndGlobalSection
	GlobalSection(SolutionProperties) = preSolution
		HideSolutionNode = FALSE
	EndGlobalSection
	GlobalSection(ExtensibilityGlobals) = postSolution
		SolutionGuid = {A8CCC24F-B5C7-4FFF-8F57-0FF99806C97B}
	EndGlobalSection
EndGlobal
